// !$*UTF8*$!
{
	archiveVersion = 1;
	classes = {
	};
	objectVersion = 55;
	objects = {

/* Begin PBXBuildFile section */
		FA18DD3427E4C5D1009AD794 /* fToCelWithMedian.cpp in Sources */ = {isa = PBXBuildFile; fileRef = FA18DD3327E4C5D1009AD794 /* fToCelWithMedian.cpp */; };
		FA46705727E4862B00AB3529 /* main.cpp in Sources */ = {isa = PBXBuildFile; fileRef = FA46705627E4862B00AB3529 /* main.cpp */; };
		FA46705F27E4872400AB3529 /* sum.cpp in Sources */ = {isa = PBXBuildFile; fileRef = FA46705D27E4872400AB3529 /* sum.cpp */; };
		FA46706227E4890F00AB3529 /* oddEven.cpp in Sources */ = {isa = PBXBuildFile; fileRef = FA46706027E4890F00AB3529 /* oddEven.cpp */; };
		FA46706427E49C1A00AB3529 /* typecast.cpp in Sources */ = {isa = PBXBuildFile; fileRef = FA46706327E49C1A00AB3529 /* typecast.cpp */; };
		FA46706627E4AC0900AB3529 /* FtoCel.cpp in Sources */ = {isa = PBXBuildFile; fileRef = FA46706527E4AC0900AB3529 /* FtoCel.cpp */; };
		FA46706827E4B19500AB3529 /* largerNumber.cpp in Sources */ = {isa = PBXBuildFile; fileRef = FA46706727E4B19500AB3529 /* largerNumber.cpp */; };
		FA46706A27E4B63900AB3529 /* alphabateProblem.cpp in Sources */ = {isa = PBXBuildFile; fileRef = FA46706927E4B63900AB3529 /* alphabateProblem.cpp */; };
		FA46706C27E4BA3900AB3529 /* allNumToN.cpp in Sources */ = {isa = PBXBuildFile; fileRef = FA46706B27E4BA3900AB3529 /* allNumToN.cpp */; };
		FA46706E27E4BAEB00AB3529 /* primeNumber.cpp in Sources */ = {isa = PBXBuildFile; fileRef = FA46706D27E4BAEB00AB3529 /* primeNumber.cpp */; };
		FA46707027E4BFE100AB3529 /* sumOfPositiveN.cpp in Sources */ = {isa = PBXBuildFile; fileRef = FA46706F27E4BFE100AB3529 /* sumOfPositiveN.cpp */; };
		FAD9791927E4FCA4005DF616 /* pattern1.cpp in Sources */ = {isa = PBXBuildFile; fileRef = FAD9791827E4FCA4005DF616 /* pattern1.cpp */; };
		FAD9791B27E4FF12005DF616 /* pattern2.cpp in Sources */ = {isa = PBXBuildFile; fileRef = FAD9791A27E4FF12005DF616 /* pattern2.cpp */; };
		FAD9791D27E50311005DF616 /* pattern3.cpp in Sources */ = {isa = PBXBuildFile; fileRef = FAD9791C27E50311005DF616 /* pattern3.cpp */; };
		FAD9791F27E50837005DF616 /* pattern5.cpp in Sources */ = {isa = PBXBuildFile; fileRef = FAD9791E27E50837005DF616 /* pattern5.cpp */; };
		FAD9792127E50E53005DF616 /* pattern6.cpp in Sources */ = {isa = PBXBuildFile; fileRef = FAD9792027E50E53005DF616 /* pattern6.cpp */; };
		FAD9792327E5AF49005DF616 /* salaryCalculator.cpp in Sources */ = {isa = PBXBuildFile; fileRef = FAD9792227E5AF49005DF616 /* salaryCalculator.cpp */; };
		FAD9792527E5BB64005DF616 /* evenOddDigitSum.cpp in Sources */ = {isa = PBXBuildFile; fileRef = FAD9792427E5BB64005DF616 /* evenOddDigitSum.cpp */; };
		FAD9792727E5C016005DF616 /* Power.cpp in Sources */ = {isa = PBXBuildFile; fileRef = FAD9792627E5C016005DF616 /* Power.cpp */; };
		FAD9792927E5C4F4005DF616 /* pattern8.cpp in Sources */ = {isa = PBXBuildFile; fileRef = FAD9792827E5C4F4005DF616 /* pattern8.cpp */; };
		FAD9792B27E5DC2C005DF616 /* pattern7.cpp in Sources */ = {isa = PBXBuildFile; fileRef = FAD9792A27E5DC2C005DF616 /* pattern7.cpp */; };
		FAD9792D27E5DD26005DF616 /* pattern9.cpp in Sources */ = {isa = PBXBuildFile; fileRef = FAD9792C27E5DD26005DF616 /* pattern9.cpp */; };
		FAD9793227E5DD86005DF616 /* pattern10.cpp in Sources */ = {isa = PBXBuildFile; fileRef = FAD9793127E5DD86005DF616 /* pattern10.cpp */; };
		FAD9793427E5DE8A005DF616 /* pattern11.cpp in Sources */ = {isa = PBXBuildFile; fileRef = FAD9793327E5DE8A005DF616 /* pattern11.cpp */; };
		FAD9793627E5E616005DF616 /* pattern12.cpp in Sources */ = {isa = PBXBuildFile; fileRef = FAD9793527E5E616005DF616 /* pattern12.cpp */; };
		FAD9793827E610C8005DF616 /* pattern13.cpp in Sources */ = {isa = PBXBuildFile; fileRef = FAD9793727E610C8005DF616 /* pattern13.cpp */; };
		FAD9793A27E613C1005DF616 /* pattern14.cpp in Sources */ = {isa = PBXBuildFile; fileRef = FAD9793927E613C1005DF616 /* pattern14.cpp */; };
		FAD9793D27E6E33E005DF616 /* pattern15.cpp in Sources */ = {isa = PBXBuildFile; fileRef = FAD9793C27E6E33E005DF616 /* pattern15.cpp */; };
/* End PBXBuildFile section */

/* Begin PBXCopyFilesBuildPhase section */
		FA46705127E4862B00AB3529 /* CopyFiles */ = {
			isa = PBXCopyFilesBuildPhase;
			buildActionMask = 2147483647;
			dstPath = /usr/share/man/man1/;
			dstSubfolderSpec = 0;
			files = (
			);
			runOnlyForDeploymentPostprocessing = 1;
		};
/* End PBXCopyFilesBuildPhase section */

/* Begin PBXFileReference section */
		FA18DD3327E4C5D1009AD794 /* fToCelWithMedian.cpp */ = {isa = PBXFileReference; lastKnownFileType = sourcecode.cpp.cpp; path = fToCelWithMedian.cpp; sourceTree = "<group>"; };
		FA46705327E4862B00AB3529 /* CodingNinja */ = {isa = PBXFileReference; explicitFileType = "compiled.mach-o.executable"; includeInIndex = 0; path = CodingNinja; sourceTree = BUILT_PRODUCTS_DIR; };
		FA46705627E4862B00AB3529 /* main.cpp */ = {isa = PBXFileReference; lastKnownFileType = sourcecode.cpp.cpp; path = main.cpp; sourceTree = "<group>"; };
		FA46705D27E4872400AB3529 /* sum.cpp */ = {isa = PBXFileReference; lastKnownFileType = sourcecode.cpp.cpp; path = sum.cpp; sourceTree = "<group>"; };
		FA46705E27E4872400AB3529 /* sum.hpp */ = {isa = PBXFileReference; lastKnownFileType = sourcecode.cpp.h; path = sum.hpp; sourceTree = "<group>"; };
		FA46706027E4890F00AB3529 /* oddEven.cpp */ = {isa = PBXFileReference; lastKnownFileType = sourcecode.cpp.cpp; path = oddEven.cpp; sourceTree = "<group>"; };
		FA46706127E4890F00AB3529 /* oddEven.hpp */ = {isa = PBXFileReference; lastKnownFileType = sourcecode.cpp.h; path = oddEven.hpp; sourceTree = "<group>"; };
		FA46706327E49C1A00AB3529 /* typecast.cpp */ = {isa = PBXFileReference; lastKnownFileType = sourcecode.cpp.cpp; path = typecast.cpp; sourceTree = "<group>"; };
		FA46706527E4AC0900AB3529 /* FtoCel.cpp */ = {isa = PBXFileReference; lastKnownFileType = sourcecode.cpp.cpp; path = FtoCel.cpp; sourceTree = "<group>"; };
		FA46706727E4B19500AB3529 /* largerNumber.cpp */ = {isa = PBXFileReference; lastKnownFileType = sourcecode.cpp.cpp; path = largerNumber.cpp; sourceTree = "<group>"; };
		FA46706927E4B63900AB3529 /* alphabateProblem.cpp */ = {isa = PBXFileReference; lastKnownFileType = sourcecode.cpp.cpp; path = alphabateProblem.cpp; sourceTree = "<group>"; };
		FA46706B27E4BA3900AB3529 /* allNumToN.cpp */ = {isa = PBXFileReference; lastKnownFileType = sourcecode.cpp.cpp; path = allNumToN.cpp; sourceTree = "<group>"; };
		FA46706D27E4BAEB00AB3529 /* primeNumber.cpp */ = {isa = PBXFileReference; lastKnownFileType = sourcecode.cpp.cpp; path = primeNumber.cpp; sourceTree = "<group>"; };
		FA46706F27E4BFE100AB3529 /* sumOfPositiveN.cpp */ = {isa = PBXFileReference; lastKnownFileType = sourcecode.cpp.cpp; path = sumOfPositiveN.cpp; sourceTree = "<group>"; };
		FAD9791827E4FCA4005DF616 /* pattern1.cpp */ = {isa = PBXFileReference; lastKnownFileType = sourcecode.cpp.cpp; path = pattern1.cpp; sourceTree = "<group>"; };
		FAD9791A27E4FF12005DF616 /* pattern2.cpp */ = {isa = PBXFileReference; lastKnownFileType = sourcecode.cpp.cpp; path = pattern2.cpp; sourceTree = "<group>"; };
		FAD9791C27E50311005DF616 /* pattern3.cpp */ = {isa = PBXFileReference; lastKnownFileType = sourcecode.cpp.cpp; path = pattern3.cpp; sourceTree = "<group>"; };
		FAD9791E27E50837005DF616 /* pattern5.cpp */ = {isa = PBXFileReference; lastKnownFileType = sourcecode.cpp.cpp; path = pattern5.cpp; sourceTree = "<group>"; };
		FAD9792027E50E53005DF616 /* pattern6.cpp */ = {isa = PBXFileReference; lastKnownFileType = sourcecode.cpp.cpp; path = pattern6.cpp; sourceTree = "<group>"; };
		FAD9792227E5AF49005DF616 /* salaryCalculator.cpp */ = {isa = PBXFileReference; lastKnownFileType = sourcecode.cpp.cpp; path = salaryCalculator.cpp; sourceTree = "<group>"; };
		FAD9792427E5BB64005DF616 /* evenOddDigitSum.cpp */ = {isa = PBXFileReference; lastKnownFileType = sourcecode.cpp.cpp; path = evenOddDigitSum.cpp; sourceTree = "<group>"; };
		FAD9792627E5C016005DF616 /* Power.cpp */ = {isa = PBXFileReference; lastKnownFileType = sourcecode.cpp.cpp; path = Power.cpp; sourceTree = "<group>"; };
		FAD9792827E5C4F4005DF616 /* pattern8.cpp */ = {isa = PBXFileReference; lastKnownFileType = sourcecode.cpp.cpp; path = pattern8.cpp; sourceTree = "<group>"; };
		FAD9792A27E5DC2C005DF616 /* pattern7.cpp */ = {isa = PBXFileReference; lastKnownFileType = sourcecode.cpp.cpp; path = pattern7.cpp; sourceTree = "<group>"; };
		FAD9792C27E5DD26005DF616 /* pattern9.cpp */ = {isa = PBXFileReference; lastKnownFileType = sourcecode.cpp.cpp; path = pattern9.cpp; sourceTree = "<group>"; };
		FAD9793127E5DD86005DF616 /* pattern10.cpp */ = {isa = PBXFileReference; lastKnownFileType = sourcecode.cpp.cpp; path = pattern10.cpp; sourceTree = "<group>"; };
		FAD9793327E5DE8A005DF616 /* pattern11.cpp */ = {isa = PBXFileReference; lastKnownFileType = sourcecode.cpp.cpp; path = pattern11.cpp; sourceTree = "<group>"; };
		FAD9793527E5E616005DF616 /* pattern12.cpp */ = {isa = PBXFileReference; lastKnownFileType = sourcecode.cpp.cpp; path = pattern12.cpp; sourceTree = "<group>"; };
		FAD9793727E610C8005DF616 /* pattern13.cpp */ = {isa = PBXFileReference; lastKnownFileType = sourcecode.cpp.cpp; path = pattern13.cpp; sourceTree = "<group>"; };
		FAD9793927E613C1005DF616 /* pattern14.cpp */ = {isa = PBXFileReference; lastKnownFileType = sourcecode.cpp.cpp; path = pattern14.cpp; sourceTree = "<group>"; };
		FAD9793C27E6E33E005DF616 /* pattern15.cpp */ = {isa = PBXFileReference; lastKnownFileType = sourcecode.cpp.cpp; path = pattern15.cpp; sourceTree = "<group>"; };
/* End PBXFileReference section */

/* Begin PBXFrameworksBuildPhase section */
		FA46705027E4862B00AB3529 /* Frameworks */ = {
			isa = PBXFrameworksBuildPhase;
			buildActionMask = 2147483647;
			files = (
			);
			runOnlyForDeploymentPostprocessing = 0;
		};
/* End PBXFrameworksBuildPhase section */

/* Begin PBXGroup section */
		FA46704A27E4862B00AB3529 = {
			isa = PBXGroup;
			children = (
				FA46705527E4862B00AB3529 /* CodingNinja */,
				FA46705427E4862B00AB3529 /* Products */,
			);
			sourceTree = "<group>";
		};
		FA46705427E4862B00AB3529 /* Products */ = {
			isa = PBXGroup;
			children = (
				FA46705327E4862B00AB3529 /* CodingNinja */,
			);
			name = Products;
			sourceTree = "<group>";
		};
		FA46705527E4862B00AB3529 /* CodingNinja */ = {
			isa = PBXGroup;
			children = (
				FAD9793B27E614BB005DF616 /* patternProblem */,
				FA46705627E4862B00AB3529 /* main.cpp */,
				FA46706027E4890F00AB3529 /* oddEven.cpp */,
				FA46706127E4890F00AB3529 /* oddEven.hpp */,
				FA46706527E4AC0900AB3529 /* FtoCel.cpp */,
				FA46705D27E4872400AB3529 /* sum.cpp */,
				FA46706327E49C1A00AB3529 /* typecast.cpp */,
				FA46705E27E4872400AB3529 /* sum.hpp */,
				FA46706727E4B19500AB3529 /* largerNumber.cpp */,
				FA46706927E4B63900AB3529 /* alphabateProblem.cpp */,
				FA46706B27E4BA3900AB3529 /* allNumToN.cpp */,
				FA46706D27E4BAEB00AB3529 /* primeNumber.cpp */,
				FA46706F27E4BFE100AB3529 /* sumOfPositiveN.cpp */,
				FA18DD3327E4C5D1009AD794 /* fToCelWithMedian.cpp */,
				FAD9792227E5AF49005DF616 /* salaryCalculator.cpp */,
				FAD9792427E5BB64005DF616 /* evenOddDigitSum.cpp */,
				FAD9792627E5C016005DF616 /* Power.cpp */,
			);
			path = CodingNinja;
			sourceTree = "<group>";
		};
		FAD9793B27E614BB005DF616 /* patternProblem */ = {
			isa = PBXGroup;
			children = (
				FAD9791827E4FCA4005DF616 /* pattern1.cpp */,
				FAD9791A27E4FF12005DF616 /* pattern2.cpp */,
				FAD9791C27E50311005DF616 /* pattern3.cpp */,
				FAD9791E27E50837005DF616 /* pattern5.cpp */,
				FAD9792027E50E53005DF616 /* pattern6.cpp */,
				FAD9792A27E5DC2C005DF616 /* pattern7.cpp */,
				FAD9792827E5C4F4005DF616 /* pattern8.cpp */,
				FAD9792C27E5DD26005DF616 /* pattern9.cpp */,
				FAD9793127E5DD86005DF616 /* pattern10.cpp */,
				FAD9793327E5DE8A005DF616 /* pattern11.cpp */,
				FAD9793527E5E616005DF616 /* pattern12.cpp */,
				FAD9793727E610C8005DF616 /* pattern13.cpp */,
				FAD9793927E613C1005DF616 /* pattern14.cpp */,
				FAD9793C27E6E33E005DF616 /* pattern15.cpp */,
			);
			path = patternProblem;
			sourceTree = "<group>";
		};
/* End PBXGroup section */

/* Begin PBXNativeTarget section */
		FA46705227E4862B00AB3529 /* CodingNinja */ = {
			isa = PBXNativeTarget;
			buildConfigurationList = FA46705A27E4862B00AB3529 /* Build configuration list for PBXNativeTarget "CodingNinja" */;
			buildPhases = (
				FA46704F27E4862B00AB3529 /* Sources */,
				FA46705027E4862B00AB3529 /* Frameworks */,
				FA46705127E4862B00AB3529 /* CopyFiles */,
			);
			buildRules = (
			);
			dependencies = (
			);
			name = CodingNinja;
			productName = CodingNinja;
			productReference = FA46705327E4862B00AB3529 /* CodingNinja */;
			productType = "com.apple.product-type.tool";
		};
/* End PBXNativeTarget section */

/* Begin PBXProject section */
		FA46704B27E4862B00AB3529 /* Project object */ = {
			isa = PBXProject;
			attributes = {
				BuildIndependentTargetsInParallel = 1;
				LastUpgradeCheck = 1330;
				TargetAttributes = {
					FA46705227E4862B00AB3529 = {
						CreatedOnToolsVersion = 13.3;
					};
				};
			};
			buildConfigurationList = FA46704E27E4862B00AB3529 /* Build configuration list for PBXProject "CodingNinja" */;
			compatibilityVersion = "Xcode 13.0";
			developmentRegion = en;
			hasScannedForEncodings = 0;
			knownRegions = (
				en,
				Base,
			);
			mainGroup = FA46704A27E4862B00AB3529;
			productRefGroup = FA46705427E4862B00AB3529 /* Products */;
			projectDirPath = "";
			projectRoot = "";
			targets = (
				FA46705227E4862B00AB3529 /* CodingNinja */,
			);
		};
/* End PBXProject section */

/* Begin PBXSourcesBuildPhase section */
		FA46704F27E4862B00AB3529 /* Sources */ = {
			isa = PBXSourcesBuildPhase;
			buildActionMask = 2147483647;
			files = (
				FA46706C27E4BA3900AB3529 /* allNumToN.cpp in Sources */,
				FAD9793A27E613C1005DF616 /* pattern14.cpp in Sources */,
				FAD9793D27E6E33E005DF616 /* pattern15.cpp in Sources */,
				FAD9792127E50E53005DF616 /* pattern6.cpp in Sources */,
				FAD9792B27E5DC2C005DF616 /* pattern7.cpp in Sources */,
				FAD9792727E5C016005DF616 /* Power.cpp in Sources */,
				FAD9792D27E5DD26005DF616 /* pattern9.cpp in Sources */,
				FA46706627E4AC0900AB3529 /* FtoCel.cpp in Sources */,
				FAD9792527E5BB64005DF616 /* evenOddDigitSum.cpp in Sources */,
				FA46706A27E4B63900AB3529 /* alphabateProblem.cpp in Sources */,
				FAD9793827E610C8005DF616 /* pattern13.cpp in Sources */,
				FA46706827E4B19500AB3529 /* largerNumber.cpp in Sources */,
				FAD9793227E5DD86005DF616 /* pattern10.cpp in Sources */,
				FAD9791D27E50311005DF616 /* pattern3.cpp in Sources */,
				FAD9791B27E4FF12005DF616 /* pattern2.cpp in Sources */,
				FA46705727E4862B00AB3529 /* main.cpp in Sources */,
				FA46706227E4890F00AB3529 /* oddEven.cpp in Sources */,
				FAD9791F27E50837005DF616 /* pattern5.cpp in Sources */,
				FA46707027E4BFE100AB3529 /* sumOfPositiveN.cpp in Sources */,
				FAD9793627E5E616005DF616 /* pattern12.cpp in Sources */,
				FA46706E27E4BAEB00AB3529 /* primeNumber.cpp in Sources */,
				FAD9791927E4FCA4005DF616 /* pattern1.cpp in Sources */,
				FA18DD3427E4C5D1009AD794 /* fToCelWithMedian.cpp in Sources */,
				FA46706427E49C1A00AB3529 /* typecast.cpp in Sources */,
				FAD9792327E5AF49005DF616 /* salaryCalculator.cpp in Sources */,
				FAD9792927E5C4F4005DF616 /* pattern8.cpp in Sources */,
				FAD9793427E5DE8A005DF616 /* pattern11.cpp in Sources */,
				FA46705F27E4872400AB3529 /* sum.cpp in Sources */,
			);
			runOnlyForDeploymentPostprocessing = 0;
		};
/* End PBXSourcesBuildPhase section */

/* Begin XCBuildConfiguration section */
		FA46705827E4862B00AB3529 /* Debug */ = {
			isa = XCBuildConfiguration;
			buildSettings = {
				ALWAYS_SEARCH_USER_PATHS = NO;
				CLANG_ANALYZER_NONNULL = YES;
				CLANG_ANALYZER_NUMBER_OBJECT_CONVERSION = YES_AGGRESSIVE;
				CLANG_CXX_LANGUAGE_STANDARD = "gnu++17";
				CLANG_ENABLE_MODULES = YES;
				CLANG_ENABLE_OBJC_ARC = YES;
				CLANG_ENABLE_OBJC_WEAK = YES;
				CLANG_WARN_BLOCK_CAPTURE_AUTORELEASING = YES;
				CLANG_WARN_BOOL_CONVERSION = YES;
				CLANG_WARN_COMMA = YES;
				CLANG_WARN_CONSTANT_CONVERSION = YES;
				CLANG_WARN_DEPRECATED_OBJC_IMPLEMENTATIONS = YES;
				CLANG_WARN_DIRECT_OBJC_ISA_USAGE = YES_ERROR;
				CLANG_WARN_DOCUMENTATION_COMMENTS = YES;
				CLANG_WARN_EMPTY_BODY = YES;
				CLANG_WARN_ENUM_CONVERSION = YES;
				CLANG_WARN_INFINITE_RECURSION = YES;
				CLANG_WARN_INT_CONVERSION = YES;
				CLANG_WARN_NON_LITERAL_NULL_CONVERSION = YES;
				CLANG_WARN_OBJC_IMPLICIT_RETAIN_SELF = YES;
				CLANG_WARN_OBJC_LITERAL_CONVERSION = YES;
				CLANG_WARN_OBJC_ROOT_CLASS = YES_ERROR;
				CLANG_WARN_QUOTED_INCLUDE_IN_FRAMEWORK_HEADER = YES;
				CLANG_WARN_RANGE_LOOP_ANALYSIS = YES;
				CLANG_WARN_STRICT_PROTOTYPES = YES;
				CLANG_WARN_SUSPICIOUS_MOVE = YES;
				CLANG_WARN_UNGUARDED_AVAILABILITY = YES_AGGRESSIVE;
				CLANG_WARN_UNREACHABLE_CODE = YES;
				CLANG_WARN__DUPLICATE_METHOD_MATCH = YES;
				COPY_PHASE_STRIP = NO;
				DEBUG_INFORMATION_FORMAT = dwarf;
				ENABLE_STRICT_OBJC_MSGSEND = YES;
				ENABLE_TESTABILITY = YES;
				GCC_C_LANGUAGE_STANDARD = gnu11;
				GCC_DYNAMIC_NO_PIC = NO;
				GCC_NO_COMMON_BLOCKS = YES;
				GCC_OPTIMIZATION_LEVEL = 0;
				GCC_PREPROCESSOR_DEFINITIONS = (
					"DEBUG=1",
					"$(inherited)",
				);
				GCC_WARN_64_TO_32_BIT_CONVERSION = YES;
				GCC_WARN_ABOUT_RETURN_TYPE = YES_ERROR;
				GCC_WARN_UNDECLARED_SELECTOR = YES;
				GCC_WARN_UNINITIALIZED_AUTOS = YES_AGGRESSIVE;
				GCC_WARN_UNUSED_FUNCTION = YES;
				GCC_WARN_UNUSED_VARIABLE = YES;
				MACOSX_DEPLOYMENT_TARGET = 12.3;
				MTL_ENABLE_DEBUG_INFO = INCLUDE_SOURCE;
				MTL_FAST_MATH = YES;
				ONLY_ACTIVE_ARCH = YES;
				SDKROOT = macosx;
			};
			name = Debug;
		};
		FA46705927E4862B00AB3529 /* Release */ = {
			isa = XCBuildConfiguration;
			buildSettings = {
				ALWAYS_SEARCH_USER_PATHS = NO;
				CLANG_ANALYZER_NONNULL = YES;
				CLANG_ANALYZER_NUMBER_OBJECT_CONVERSION = YES_AGGRESSIVE;
				CLANG_CXX_LANGUAGE_STANDARD = "gnu++17";
				CLANG_ENABLE_MODULES = YES;
				CLANG_ENABLE_OBJC_ARC = YES;
				CLANG_ENABLE_OBJC_WEAK = YES;
				CLANG_WARN_BLOCK_CAPTURE_AUTORELEASING = YES;
				CLANG_WARN_BOOL_CONVERSION = YES;
				CLANG_WARN_COMMA = YES;
				CLANG_WARN_CONSTANT_CONVERSION = YES;
				CLANG_WARN_DEPRECATED_OBJC_IMPLEMENTATIONS = YES;
				CLANG_WARN_DIRECT_OBJC_ISA_USAGE = YES_ERROR;
				CLANG_WARN_DOCUMENTATION_COMMENTS = YES;
				CLANG_WARN_EMPTY_BODY = YES;
				CLANG_WARN_ENUM_CONVERSION = YES;
				CLANG_WARN_INFINITE_RECURSION = YES;
				CLANG_WARN_INT_CONVERSION = YES;
				CLANG_WARN_NON_LITERAL_NULL_CONVERSION = YES;
				CLANG_WARN_OBJC_IMPLICIT_RETAIN_SELF = YES;
				CLANG_WARN_OBJC_LITERAL_CONVERSION = YES;
				CLANG_WARN_OBJC_ROOT_CLASS = YES_ERROR;
				CLANG_WARN_QUOTED_INCLUDE_IN_FRAMEWORK_HEADER = YES;
				CLANG_WARN_RANGE_LOOP_ANALYSIS = YES;
				CLANG_WARN_STRICT_PROTOTYPES = YES;
				CLANG_WARN_SUSPICIOUS_MOVE = YES;
				CLANG_WARN_UNGUARDED_AVAILABILITY = YES_AGGRESSIVE;
				CLANG_WARN_UNREACHABLE_CODE = YES;
				CLANG_WARN__DUPLICATE_METHOD_MATCH = YES;
				COPY_PHASE_STRIP = NO;
				DEBUG_INFORMATION_FORMAT = "dwarf-with-dsym";
				ENABLE_NS_ASSERTIONS = NO;
				ENABLE_STRICT_OBJC_MSGSEND = YES;
				GCC_C_LANGUAGE_STANDARD = gnu11;
				GCC_NO_COMMON_BLOCKS = YES;
				GCC_WARN_64_TO_32_BIT_CONVERSION = YES;
				GCC_WARN_ABOUT_RETURN_TYPE = YES_ERROR;
				GCC_WARN_UNDECLARED_SELECTOR = YES;
				GCC_WARN_UNINITIALIZED_AUTOS = YES_AGGRESSIVE;
				GCC_WARN_UNUSED_FUNCTION = YES;
				GCC_WARN_UNUSED_VARIABLE = YES;
				MACOSX_DEPLOYMENT_TARGET = 12.3;
				MTL_ENABLE_DEBUG_INFO = NO;
				MTL_FAST_MATH = YES;
				SDKROOT = macosx;
			};
			name = Release;
		};
		FA46705B27E4862B00AB3529 /* Debug */ = {
			isa = XCBuildConfiguration;
			buildSettings = {
				CODE_SIGN_STYLE = Automatic;
				PRODUCT_NAME = "$(TARGET_NAME)";
			};
			name = Debug;
		};
		FA46705C27E4862B00AB3529 /* Release */ = {
			isa = XCBuildConfiguration;
			buildSettings = {
				CODE_SIGN_STYLE = Automatic;
				PRODUCT_NAME = "$(TARGET_NAME)";
			};
			name = Release;
		};
/* End XCBuildConfiguration section */

/* Begin XCConfigurationList section */
		FA46704E27E4862B00AB3529 /* Build configuration list for PBXProject "CodingNinja" */ = {
			isa = XCConfigurationList;
			buildConfigurations = (
				FA46705827E4862B00AB3529 /* Debug */,
				FA46705927E4862B00AB3529 /* Release */,
			);
			defaultConfigurationIsVisible = 0;
			defaultConfigurationName = Release;
		};
		FA46705A27E4862B00AB3529 /* Build configuration list for PBXNativeTarget "CodingNinja" */ = {
			isa = XCConfigurationList;
			buildConfigurations = (
				FA46705B27E4862B00AB3529 /* Debug */,
				FA46705C27E4862B00AB3529 /* Release */,
			);
			defaultConfigurationIsVisible = 0;
			defaultConfigurationName = Release;
		};
/* End XCConfigurationList section */
	};
	rootObject = FA46704B27E4862B00AB3529 /* Project object */;
}
